Microsoft Visual Studio Solution File, Format Version 12.00
# Visual Studio Version 17
VisualStudioVersion = 17.5.2.0
MinimumVisualStudioVersion = 10.0.40219.1
Project("{FAE04EC0-301F-11D3-BF4B-00C04F79EFBC}") = "Tarea_Final", "Tarea_Final.csproj", "{CBD85EB2-8C07-BD55-D9BE-B89D9F904640}"
EndProject
Global
	GlobalSection(SolutionConfigurationPlatforms) = preSolution
		Debug|Any CPU = Debug|Any CPU
		Release|Any CPU = Release|Any CPU
	EndGlobalSection
	GlobalSection(ProjectConfigurationPlatforms) = postSolution
		{CBD85EB2-8C07-BD55-D9BE-B89D9F904640}.Debug|Any CPU.ActiveCfg = Debug|Any CPU
		{CBD85EB2-8C07-BD55-D9BE-B89D9F904640}.Debug|Any CPU.Build.0 = Debug|Any CPU
		{CBD85EB2-8C07-BD55-D9BE-B89D9F904640}.Release|Any CPU.ActiveCfg = Release|Any CPU
		{CBD85EB2-8C07-BD55-D9BE-B89D9F904640}.Release|Any CPU.Build.0 = Release|Any CPU
	EndGlobalSection
	GlobalSection(SolutionProperties) = preSolution
		HideSolutionNode = FALSE
	EndGlobalSection
	GlobalSection(ExtensibilityGlobals) = postSolution
		SolutionGuid = {560F75F9-BC73-45EF-95FF-05333C4B2F40}
	EndGlobalSection
EndGlobal
